
Microsoft Visual Studio Solution File, Format Version 12.00
# Visual Studio Version 16
VisualStudioVersion = 16.0.30523.141
MinimumVisualStudioVersion = 10.0.40219.1
Project("{9A19103F-16F7-4668-BE54-9A1E7A4F7556}") = "ICP.API", "ICP.API\ICP.API.csproj", "{F4703569-ECC3-448B-8A8D-63248730BC17}"
	ProjectSection(ProjectDependencies) = postProject
		{DA9FB42F-1C5E-4C82-AB61-4DC7C8D65A71} = {DA9FB42F-1C5E-4C82-AB61-4DC7C8D65A71}
		{92768198-EBAF-4C28-AC39-14A9955431F6} = {92768198-EBAF-4C28-AC39-14A9955431F6}
	EndProjectSection
EndProject
Project("{9A19103F-16F7-4668-BE54-9A1E7A4F7556}") = "ICP.Services", "ICP.Services\ICP.Services.csproj", "{92768198-EBAF-4C28-AC39-14A9955431F6}"
EndProject
Project("{9A19103F-16F7-4668-BE54-9A1E7A4F7556}") = "ICP.Repositories", "ICP.Repositories\ICP.Repositories.csproj", "{DA9FB42F-1C5E-4C82-AB61-4DC7C8D65A71}"
EndProject
Project("{9A19103F-16F7-4668-BE54-9A1E7A4F7556}") = "ICP.Tests", "ICP.Tests\ICP.Tests.csproj", "{5F8E3632-C08D-44A2-BEBF-A04796BD77CE}"
EndProject
Global
	GlobalSection(SolutionConfigurationPlatforms) = preSolution
		Debug|Any CPU = Debug|Any CPU
		Release|Any CPU = Release|Any CPU
	EndGlobalSection
	GlobalSection(ProjectConfigurationPlatforms) = postSolution
		{F4703569-ECC3-448B-8A8D-63248730BC17}.Debug|Any CPU.ActiveCfg = Debug|Any CPU
		{F4703569-ECC3-448B-8A8D-63248730BC17}.Debug|Any CPU.Build.0 = Debug|Any CPU
		{F4703569-ECC3-448B-8A8D-63248730BC17}.Release|Any CPU.ActiveCfg = Release|Any CPU
		{F4703569-ECC3-448B-8A8D-63248730BC17}.Release|Any CPU.Build.0 = Release|Any CPU
		{92768198-EBAF-4C28-AC39-14A9955431F6}.Debug|Any CPU.ActiveCfg = Debug|Any CPU
		{92768198-EBAF-4C28-AC39-14A9955431F6}.Debug|Any CPU.Build.0 = Debug|Any CPU
		{92768198-EBAF-4C28-AC39-14A9955431F6}.Release|Any CPU.ActiveCfg = Release|Any CPU
		{92768198-EBAF-4C28-AC39-14A9955431F6}.Release|Any CPU.Build.0 = Release|Any CPU
		{DA9FB42F-1C5E-4C82-AB61-4DC7C8D65A71}.Debug|Any CPU.ActiveCfg = Debug|Any CPU
		{DA9FB42F-1C5E-4C82-AB61-4DC7C8D65A71}.Debug|Any CPU.Build.0 = Debug|Any CPU
		{DA9FB42F-1C5E-4C82-AB61-4DC7C8D65A71}.Release|Any CPU.ActiveCfg = Release|Any CPU
		{DA9FB42F-1C5E-4C82-AB61-4DC7C8D65A71}.Release|Any CPU.Build.0 = Release|Any CPU
		{5F8E3632-C08D-44A2-BEBF-A04796BD77CE}.Debug|Any CPU.ActiveCfg = Debug|Any CPU
		{5F8E3632-C08D-44A2-BEBF-A04796BD77CE}.Debug|Any CPU.Build.0 = Debug|Any CPU
		{5F8E3632-C08D-44A2-BEBF-A04796BD77CE}.Release|Any CPU.ActiveCfg = Release|Any CPU
		{5F8E3632-C08D-44A2-BEBF-A04796BD77CE}.Release|Any CPU.Build.0 = Release|Any CPU
	EndGlobalSection
	GlobalSection(SolutionProperties) = preSolution
		HideSolutionNode = FALSE
	EndGlobalSection
	GlobalSection(ExtensibilityGlobals) = postSolution
		SolutionGuid = {7C0F1225-9D7E-42D4-836D-B77146DDE991}
	EndGlobalSection
EndGlobal
